
Microsoft Visual Studio Solution File, Format Version 12.00
# Visual Studio Version 17
VisualStudioVersion = 17.13.35825.156 d17.13
MinimumVisualStudioVersion = 10.0.40219.1
Project("{FAE04EC0-301F-11D3-BF4B-00C04F79EFBC}") = "Toolbar_Ex", "Toolbar_Ex.csproj", "{BBF4FC25-5FC2-1BE6-6E98-5821F677C174}"
EndProject
Global
	GlobalSection(SolutionConfigurationPlatforms) = preSolution
		Debug|Any CPU = Debug|Any CPU
		Release|Any CPU = Release|Any CPU
	EndGlobalSection
	GlobalSection(ProjectConfigurationPlatforms) = postSolution
		{BBF4FC25-5FC2-1BE6-6E98-5821F677C174}.Debug|Any CPU.ActiveCfg = Debug|Any CPU
		{BBF4FC25-5FC2-1BE6-6E98-5821F677C174}.Debug|Any CPU.Build.0 = Debug|Any CPU
		{BBF4FC25-5FC2-1BE6-6E98-5821F677C174}.Release|Any CPU.ActiveCfg = Release|Any CPU
		{BBF4FC25-5FC2-1BE6-6E98-5821F677C174}.Release|Any CPU.Build.0 = Release|Any CPU
	EndGlobalSection
	GlobalSection(SolutionProperties) = preSolution
		HideSolutionNode = FALSE
	EndGlobalSection
	GlobalSection(ExtensibilityGlobals) = postSolution
		SolutionGuid = {7260E69E-6146-4B8F-93C8-21B46D51F554}
	EndGlobalSection
EndGlobal
